
Microsoft Visual Studio Solution File, Format Version 12.00
# Visual Studio Version 17
VisualStudioVersion = 17.3.32819.101
MinimumVisualStudioVersion = 10.0.40219.1
Project("{FAE04EC0-301F-11D3-BF4B-00C04F79EFBC}") = "PilasYColasApp", "PilasYColasApp.csproj", "{045C71C8-00D9-46B8-9610-77EC244025B0}"
EndProject
Global
	GlobalSection(SolutionConfigurationPlatforms) = preSolution
		Debug|Any CPU = Debug|Any CPU
		Release|Any CPU = Release|Any CPU
	EndGlobalSection
	GlobalSection(ProjectConfigurationPlatforms) = postSolution
		{045C71C8-00D9-46B8-9610-77EC244025B0}.Debug|Any CPU.ActiveCfg = Debug|Any CPU
		{045C71C8-00D9-46B8-9610-77EC244025B0}.Debug|Any CPU.Build.0 = Debug|Any CPU
		{045C71C8-00D9-46B8-9610-77EC244025B0}.Release|Any CPU.ActiveCfg = Release|Any CPU
		{045C71C8-00D9-46B8-9610-77EC244025B0}.Release|Any CPU.Build.0 = Release|Any CPU
	EndGlobalSection
	GlobalSection(SolutionProperties) = preSolution
		HideSolutionNode = FALSE
	EndGlobalSection
	GlobalSection(ExtensibilityGlobals) = postSolution
		SolutionGuid = {D80B44AD-C370-4DFE-B1B5-9771FCD5A48A}
	EndGlobalSection
EndGlobal
